
Microsoft Visual Studio Solution File, Format Version 12.00
# Visual Studio 15
VisualStudioVersion = 15.0.26124.0
MinimumVisualStudioVersion = 15.0.26124.0
Project("{2150E333-8FDC-42A3-9474-1A3956D46DE8}") = "src", "src", "{3C0696A8-0F61-487D-BA74-F10FBD77EB78}"
EndProject
Project("{FAE04EC0-301F-11D3-BF4B-00C04F79EFBC}") = "SecretSanta.Domain", "src\SecretSanta.Domain\SecretSanta.Domain.csproj", "{1E3519D6-B4C6-4A97-B0C3-B7C2BCAE8E26}"
EndProject
Project("{2150E333-8FDC-42A3-9474-1A3956D46DE8}") = "test", "test", "{5379AFA1-BC07-43ED-8C75-271DF302A6FB}"
EndProject
Project("{FAE04EC0-301F-11D3-BF4B-00C04F79EFBC}") = "SecretSanta.Domain.Tests", "test\SecretSanta.Domain.Tests\SecretSanta.Domain.Tests.csproj", "{3167585E-E52A-497D-B6DA-4E447B3834D7}"
EndProject
Global
	GlobalSection(SolutionConfigurationPlatforms) = preSolution
		Debug|Any CPU = Debug|Any CPU
		Debug|x64 = Debug|x64
		Debug|x86 = Debug|x86
		Release|Any CPU = Release|Any CPU
		Release|x64 = Release|x64
		Release|x86 = Release|x86
	EndGlobalSection
	GlobalSection(SolutionProperties) = preSolution
		HideSolutionNode = FALSE
	EndGlobalSection
	GlobalSection(ProjectConfigurationPlatforms) = postSolution
		{1E3519D6-B4C6-4A97-B0C3-B7C2BCAE8E26}.Debug|Any CPU.ActiveCfg = Debug|Any CPU
		{1E3519D6-B4C6-4A97-B0C3-B7C2BCAE8E26}.Debug|Any CPU.Build.0 = Debug|Any CPU
		{1E3519D6-B4C6-4A97-B0C3-B7C2BCAE8E26}.Debug|x64.ActiveCfg = Debug|Any CPU
		{1E3519D6-B4C6-4A97-B0C3-B7C2BCAE8E26}.Debug|x64.Build.0 = Debug|Any CPU
		{1E3519D6-B4C6-4A97-B0C3-B7C2BCAE8E26}.Debug|x86.ActiveCfg = Debug|Any CPU
		{1E3519D6-B4C6-4A97-B0C3-B7C2BCAE8E26}.Debug|x86.Build.0 = Debug|Any CPU
		{1E3519D6-B4C6-4A97-B0C3-B7C2BCAE8E26}.Release|Any CPU.ActiveCfg = Release|Any CPU
		{1E3519D6-B4C6-4A97-B0C3-B7C2BCAE8E26}.Release|Any CPU.Build.0 = Release|Any CPU
		{1E3519D6-B4C6-4A97-B0C3-B7C2BCAE8E26}.Release|x64.ActiveCfg = Release|Any CPU
		{1E3519D6-B4C6-4A97-B0C3-B7C2BCAE8E26}.Release|x64.Build.0 = Release|Any CPU
		{1E3519D6-B4C6-4A97-B0C3-B7C2BCAE8E26}.Release|x86.ActiveCfg = Release|Any CPU
		{1E3519D6-B4C6-4A97-B0C3-B7C2BCAE8E26}.Release|x86.Build.0 = Release|Any CPU
		{3167585E-E52A-497D-B6DA-4E447B3834D7}.Debug|Any CPU.ActiveCfg = Debug|Any CPU
		{3167585E-E52A-497D-B6DA-4E447B3834D7}.Debug|Any CPU.Build.0 = Debug|Any CPU
		{3167585E-E52A-497D-B6DA-4E447B3834D7}.Debug|x64.ActiveCfg = Debug|Any CPU
		{3167585E-E52A-497D-B6DA-4E447B3834D7}.Debug|x64.Build.0 = Debug|Any CPU
		{3167585E-E52A-497D-B6DA-4E447B3834D7}.Debug|x86.ActiveCfg = Debug|Any CPU
		{3167585E-E52A-497D-B6DA-4E447B3834D7}.Debug|x86.Build.0 = Debug|Any CPU
		{3167585E-E52A-497D-B6DA-4E447B3834D7}.Release|Any CPU.ActiveCfg = Release|Any CPU
		{3167585E-E52A-497D-B6DA-4E447B3834D7}.Release|Any CPU.Build.0 = Release|Any CPU
		{3167585E-E52A-497D-B6DA-4E447B3834D7}.Release|x64.ActiveCfg = Release|Any CPU
		{3167585E-E52A-497D-B6DA-4E447B3834D7}.Release|x64.Build.0 = Release|Any CPU
		{3167585E-E52A-497D-B6DA-4E447B3834D7}.Release|x86.ActiveCfg = Release|Any CPU
		{3167585E-E52A-497D-B6DA-4E447B3834D7}.Release|x86.Build.0 = Release|Any CPU
	EndGlobalSection
	GlobalSection(NestedProjects) = preSolution
		{1E3519D6-B4C6-4A97-B0C3-B7C2BCAE8E26} = {3C0696A8-0F61-487D-BA74-F10FBD77EB78}
		{3167585E-E52A-497D-B6DA-4E447B3834D7} = {5379AFA1-BC07-43ED-8C75-271DF302A6FB}
	EndGlobalSection
EndGlobal
